
Microsoft Visual Studio Solution File, Format Version 12.00
# Visual Studio 2013
VisualStudioVersion = 12.0.21005.1
MinimumVisualStudioVersion = 10.0.40219.1
Project("{FAE04EC0-301F-11D3-BF4B-00C04F79EFBC}") = "HeChuanDoanBenh", "HeChuanDoanBenh\HeChuanDoanBenh.csproj", "{1BD0941E-AA56-461B-9444-7A209349D5EF}"
EndProject
Global
	GlobalSection(SolutionConfigurationPlatforms) = preSolution
		Debug|Any CPU = Debug|Any CPU
		Release|Any CPU = Release|Any CPU
	EndGlobalSection
	GlobalSection(ProjectConfigurationPlatforms) = postSolution
		{1BD0941E-AA56-461B-9444-7A209349D5EF}.Debug|Any CPU.ActiveCfg = Debug|Any CPU
		{1BD0941E-AA56-461B-9444-7A209349D5EF}.Debug|Any CPU.Build.0 = Debug|Any CPU
		{1BD0941E-AA56-461B-9444-7A209349D5EF}.Release|Any CPU.ActiveCfg = Release|Any CPU
		{1BD0941E-AA56-461B-9444-7A209349D5EF}.Release|Any CPU.Build.0 = Release|Any CPU
	EndGlobalSection
	GlobalSection(SolutionProperties) = preSolution
		HideSolutionNode = FALSE
	EndGlobalSection
EndGlobal
